
Microsoft Visual Studio Solution File, Format Version 12.00
# Visual Studio Version 17
VisualStudioVersion = 17.11.35303.130
MinimumVisualStudioVersion = 10.0.40219.1
Project("{FAE04EC0-301F-11D3-BF4B-00C04F79EFBC}") = "TaskManagerApp", "TaskManagerApp.csproj", "{944716A7-909C-43AD-A63A-4A4D54C6A42F}"
EndProject
Global
	GlobalSection(SolutionConfigurationPlatforms) = preSolution
		Debug|Any CPU = Debug|Any CPU
		Release|Any CPU = Release|Any CPU
	EndGlobalSection
	GlobalSection(ProjectConfigurationPlatforms) = postSolution
		{944716A7-909C-43AD-A63A-4A4D54C6A42F}.Debug|Any CPU.ActiveCfg = Debug|Any CPU
		{944716A7-909C-43AD-A63A-4A4D54C6A42F}.Debug|Any CPU.Build.0 = Debug|Any CPU
		{944716A7-909C-43AD-A63A-4A4D54C6A42F}.Release|Any CPU.ActiveCfg = Release|Any CPU
		{944716A7-909C-43AD-A63A-4A4D54C6A42F}.Release|Any CPU.Build.0 = Release|Any CPU
	EndGlobalSection
	GlobalSection(SolutionProperties) = preSolution
		HideSolutionNode = FALSE
	EndGlobalSection
	GlobalSection(ExtensibilityGlobals) = postSolution
		SolutionGuid = {68B983A9-5A49-4E81-98BF-2EE99D3DE9AD}
	EndGlobalSection
EndGlobal
